// !$*UTF8*$!
{
	archiveVersion = 1;
	classes = {
	};
	objectVersion = 56;
	objects = {

/* Begin PBXBuildFile section */
		0F0FCADD2CDD49760032FCB8 /* AddWishCell.swift in Sources */ = {isa = PBXBuildFile; fileRef = 0F0FCADC2CDD49760032FCB8 /* AddWishCell.swift */; };
		0F28480F2CDBE17600B02F2C /* AppDelegate.swift in Sources */ = {isa = PBXBuildFile; fileRef = 0F28480E2CDBE17600B02F2C /* AppDelegate.swift */; };
		0F2848112CDBE17600B02F2C /* SceneDelegate.swift in Sources */ = {isa = PBXBuildFile; fileRef = 0F2848102CDBE17600B02F2C /* SceneDelegate.swift */; };
		0F2848132CDBE17600B02F2C /* WishMakerViewController.swift in Sources */ = {isa = PBXBuildFile; fileRef = 0F2848122CDBE17600B02F2C /* WishMakerViewController.swift */; };
		0F2848182CDBE17800B02F2C /* Assets.xcassets in Resources */ = {isa = PBXBuildFile; fileRef = 0F2848172CDBE17800B02F2C /* Assets.xcassets */; };
		0F28481B2CDBE17800B02F2C /* LaunchScreen.storyboard in Resources */ = {isa = PBXBuildFile; fileRef = 0F2848192CDBE17800B02F2C /* LaunchScreen.storyboard */; };
		0F2848422CDBE24A00B02F2C /* WishMakerInteractor.swift in Sources */ = {isa = PBXBuildFile; fileRef = 0F2848412CDBE24A00B02F2C /* WishMakerInteractor.swift */; };
		0F2848442CDBE26B00B02F2C /* WishMakerPresenter.swift in Sources */ = {isa = PBXBuildFile; fileRef = 0F2848432CDBE26B00B02F2C /* WishMakerPresenter.swift */; };
		0F2848462CDBE2BA00B02F2C /* CustomSlider.swift in Sources */ = {isa = PBXBuildFile; fileRef = 0F2848452CDBE2BA00B02F2C /* CustomSlider.swift */; };
		0F2848482CDBE39100B02F2C /* UIView+Pin.swift in Sources */ = {isa = PBXBuildFile; fileRef = 0F2848472CDBE39100B02F2C /* UIView+Pin.swift */; };
		0F28484C2CDC1B1500B02F2C /* CustomCell.swift in Sources */ = {isa = PBXBuildFile; fileRef = 0F28484B2CDC1B1500B02F2C /* CustomCell.swift */; };
		0F6AFA602D628DFA007B8454 /* DataModels.xcdatamodeld in Sources */ = {isa = PBXBuildFile; fileRef = 0F6AFA5E2D628DFA007B8454 /* DataModels.xcdatamodeld */; };
		0F6AFA632D628ECB007B8454 /* CoreDataStack.swift in Sources */ = {isa = PBXBuildFile; fileRef = 0F6AFA622D628ECB007B8454 /* CoreDataStack.swift */; };
		0F6AFA682D64A5B7007B8454 /* README.md in Resources */ = {isa = PBXBuildFile; fileRef = 0F6AFA672D64A5B7007B8454 /* README.md */; };
		0F6AFAC82D65FAB8007B8454 /* WishMakerModel.swift in Sources */ = {isa = PBXBuildFile; fileRef = 0F6AFAC72D65FAB8007B8454 /* WishMakerModel.swift */; };
		0F6AFACA2D66088A007B8454 /* WishStoringInteractor.swift in Sources */ = {isa = PBXBuildFile; fileRef = 0F6AFAC92D66088A007B8454 /* WishStoringInteractor.swift */; };
		0F6AFACC2D6608C4007B8454 /* WishStoringPresenter.swift in Sources */ = {isa = PBXBuildFile; fileRef = 0F6AFACB2D6608C4007B8454 /* WishStoringPresenter.swift */; };
		0F6AFACE2D6608EA007B8454 /* WishStoringBuilder.swift in Sources */ = {isa = PBXBuildFile; fileRef = 0F6AFACD2D6608EA007B8454 /* WishStoringBuilder.swift */; };
		0F6AFAD02D66091E007B8454 /* WishStoringModel.swift in Sources */ = {isa = PBXBuildFile; fileRef = 0F6AFACF2D66091E007B8454 /* WishStoringModel.swift */; };
		0F6AFAD22D663E75007B8454 /* WishCalendarModel.swift in Sources */ = {isa = PBXBuildFile; fileRef = 0F6AFAD12D663E75007B8454 /* WishCalendarModel.swift */; };
		0F6AFAD42D666E49007B8454 /* WishEventCreatorModel.swift in Sources */ = {isa = PBXBuildFile; fileRef = 0F6AFAD32D666E49007B8454 /* WishEventCreatorModel.swift */; };
		0F6AFB1F2D6F8F5F007B8454 /* Sliders1.PNG in Resources */ = {isa = PBXBuildFile; fileRef = 0F6AFB1E2D6F8F5F007B8454 /* Sliders1.PNG */; };
		0F6AFB212D6F8F78007B8454 /* Sliders2.PNG in Resources */ = {isa = PBXBuildFile; fileRef = 0F6AFB202D6F8F78007B8454 /* Sliders2.PNG */; };
		0F6AFB232D6F8FB7007B8454 /* Sliders3.gif in Resources */ = {isa = PBXBuildFile; fileRef = 0F6AFB222D6F8FB7007B8454 /* Sliders3.gif */; };
		0F6AFB252D6F8FD5007B8454 /* Wish1.PNG in Resources */ = {isa = PBXBuildFile; fileRef = 0F6AFB242D6F8FD4007B8454 /* Wish1.PNG */; };
		0F6AFB272D6F8FFA007B8454 /* Wish2.gif in Resources */ = {isa = PBXBuildFile; fileRef = 0F6AFB262D6F8FF9007B8454 /* Wish2.gif */; };
		0F6AFB292D6F902D007B8454 /* Event1.PNG in Resources */ = {isa = PBXBuildFile; fileRef = 0F6AFB282D6F902D007B8454 /* Event1.PNG */; };
		0F6AFB2B2D6F9030007B8454 /* Event2.PNG in Resources */ = {isa = PBXBuildFile; fileRef = 0F6AFB2A2D6F9030007B8454 /* Event2.PNG */; };
		0F6AFB2D2D6F9034007B8454 /* Event3.PNG in Resources */ = {isa = PBXBuildFile; fileRef = 0F6AFB2C2D6F9034007B8454 /* Event3.PNG */; };
		0F6AFB2F2D6F9037007B8454 /* Event4.PNG in Resources */ = {isa = PBXBuildFile; fileRef = 0F6AFB2E2D6F9037007B8454 /* Event4.PNG */; };
		0FEA386B2D5D28F300D0DE7E /* WishStoringViewController.swift in Sources */ = {isa = PBXBuildFile; fileRef = 0F2848492CDBF80800B02F2C /* WishStoringViewController.swift */; };
		0FEA386D2D5D2B9C00D0DE7E /* WishMakerBuilder.swift in Sources */ = {isa = PBXBuildFile; fileRef = 0FEA386C2D5D2B9C00D0DE7E /* WishMakerBuilder.swift */; };
		0FEA38732D5D44D100D0DE7E /* WishCalendarViewController.swift in Sources */ = {isa = PBXBuildFile; fileRef = 0FEA38722D5D44D100D0DE7E /* WishCalendarViewController.swift */; };
		0FEA38752D5D498900D0DE7E /* WishCalendarInteractor.swift in Sources */ = {isa = PBXBuildFile; fileRef = 0FEA38742D5D498900D0DE7E /* WishCalendarInteractor.swift */; };
		0FEA38772D5D4C1E00D0DE7E /* WishCalendarPresenter.swift in Sources */ = {isa = PBXBuildFile; fileRef = 0FEA38762D5D4C1E00D0DE7E /* WishCalendarPresenter.swift */; };
		0FEA38792D5D4C2D00D0DE7E /* WishCalendarBuilder.swift in Sources */ = {isa = PBXBuildFile; fileRef = 0FEA38782D5D4C2D00D0DE7E /* WishCalendarBuilder.swift */; };
		0FEA387B2D5D567400D0DE7E /* WishEventCell.swift in Sources */ = {isa = PBXBuildFile; fileRef = 0FEA387A2D5D567400D0DE7E /* WishEventCell.swift */; };
		0FEA387D2D5E2BA400D0DE7E /* CalendarEventManager.swift in Sources */ = {isa = PBXBuildFile; fileRef = 0FEA387C2D5E2BA400D0DE7E /* CalendarEventManager.swift */; };
		0FEA38802D5E34F800D0DE7E /* WishEventCreatorViewController.swift in Sources */ = {isa = PBXBuildFile; fileRef = 0FEA387F2D5E34F800D0DE7E /* WishEventCreatorViewController.swift */; };
		0FEA38822D5E351200D0DE7E /* WishEventCreatorInteractor.swift in Sources */ = {isa = PBXBuildFile; fileRef = 0FEA38812D5E351200D0DE7E /* WishEventCreatorInteractor.swift */; };
		0FEA38842D5E352500D0DE7E /* WishEventCreatorPresenter.swift in Sources */ = {isa = PBXBuildFile; fileRef = 0FEA38832D5E352500D0DE7E /* WishEventCreatorPresenter.swift */; };
		0FEA38862D5E354200D0DE7E /* WishEventCreatorModuleBuilder.swift in Sources */ = {isa = PBXBuildFile; fileRef = 0FEA38852D5E354200D0DE7E /* WishEventCreatorModuleBuilder.swift */; };
/* End PBXBuildFile section */

/* Begin PBXFileReference section */
		0F0FCADC2CDD49760032FCB8 /* AddWishCell.swift */ = {isa = PBXFileReference; lastKnownFileType = sourcecode.swift; path = AddWishCell.swift; sourceTree = "<group>"; };
		0F28480B2CDBE17600B02F2C /* WishMaker.app */ = {isa = PBXFileReference; explicitFileType = wrapper.application; includeInIndex = 0; path = WishMaker.app; sourceTree = BUILT_PRODUCTS_DIR; };
		0F28480E2CDBE17600B02F2C /* AppDelegate.swift */ = {isa = PBXFileReference; lastKnownFileType = sourcecode.swift; path = AppDelegate.swift; sourceTree = "<group>"; };
		0F2848102CDBE17600B02F2C /* SceneDelegate.swift */ = {isa = PBXFileReference; lastKnownFileType = sourcecode.swift; path = SceneDelegate.swift; sourceTree = "<group>"; };
		0F2848122CDBE17600B02F2C /* WishMakerViewController.swift */ = {isa = PBXFileReference; lastKnownFileType = sourcecode.swift; path = WishMakerViewController.swift; sourceTree = "<group>"; };
		0F2848172CDBE17800B02F2C /* Assets.xcassets */ = {isa = PBXFileReference; lastKnownFileType = folder.assetcatalog; path = Assets.xcassets; sourceTree = "<group>"; };
		0F28481A2CDBE17800B02F2C /* Base */ = {isa = PBXFileReference; lastKnownFileType = file.storyboard; name = Base; path = Base.lproj/LaunchScreen.storyboard; sourceTree = "<group>"; };
		0F28481C2CDBE17800B02F2C /* Info.plist */ = {isa = PBXFileReference; lastKnownFileType = text.plist.xml; path = Info.plist; sourceTree = "<group>"; };
		0F2848412CDBE24A00B02F2C /* WishMakerInteractor.swift */ = {isa = PBXFileReference; lastKnownFileType = sourcecode.swift; path = WishMakerInteractor.swift; sourceTree = "<group>"; };
		0F2848432CDBE26B00B02F2C /* WishMakerPresenter.swift */ = {isa = PBXFileReference; lastKnownFileType = sourcecode.swift; path = WishMakerPresenter.swift; sourceTree = "<group>"; };
		0F2848452CDBE2BA00B02F2C /* CustomSlider.swift */ = {isa = PBXFileReference; lastKnownFileType = sourcecode.swift; path = CustomSlider.swift; sourceTree = "<group>"; };
		0F2848472CDBE39100B02F2C /* UIView+Pin.swift */ = {isa = PBXFileReference; lastKnownFileType = sourcecode.swift; path = "UIView+Pin.swift"; sourceTree = "<group>"; };
		0F2848492CDBF80800B02F2C /* WishStoringViewController.swift */ = {isa = PBXFileReference; lastKnownFileType = sourcecode.swift; path = WishStoringViewController.swift; sourceTree = "<group>"; };
		0F28484B2CDC1B1500B02F2C /* CustomCell.swift */ = {isa = PBXFileReference; lastKnownFileType = sourcecode.swift; path = CustomCell.swift; sourceTree = "<group>"; };
		0F6AFA5F2D628DFA007B8454 /* EventModel.xcdatamodel */ = {isa = PBXFileReference; lastKnownFileType = wrapper.xcdatamodel; path = EventModel.xcdatamodel; sourceTree = "<group>"; };
		0F6AFA622D628ECB007B8454 /* CoreDataStack.swift */ = {isa = PBXFileReference; lastKnownFileType = sourcecode.swift; path = CoreDataStack.swift; sourceTree = "<group>"; };
		0F6AFA672D64A5B7007B8454 /* README.md */ = {isa = PBXFileReference; lastKnownFileType = net.daringfireball.markdown; path = README.md; sourceTree = "<group>"; };
		0F6AFAC72D65FAB8007B8454 /* WishMakerModel.swift */ = {isa = PBXFileReference; lastKnownFileType = sourcecode.swift; path = WishMakerModel.swift; sourceTree = "<group>"; };
		0F6AFAC92D66088A007B8454 /* WishStoringInteractor.swift */ = {isa = PBXFileReference; lastKnownFileType = sourcecode.swift; path = WishStoringInteractor.swift; sourceTree = "<group>"; };
		0F6AFACB2D6608C4007B8454 /* WishStoringPresenter.swift */ = {isa = PBXFileReference; lastKnownFileType = sourcecode.swift; path = WishStoringPresenter.swift; sourceTree = "<group>"; };
		0F6AFACD2D6608EA007B8454 /* WishStoringBuilder.swift */ = {isa = PBXFileReference; lastKnownFileType = sourcecode.swift; path = WishStoringBuilder.swift; sourceTree = "<group>"; };
		0F6AFACF2D66091E007B8454 /* WishStoringModel.swift */ = {isa = PBXFileReference; lastKnownFileType = sourcecode.swift; path = WishStoringModel.swift; sourceTree = "<group>"; };
		0F6AFAD12D663E75007B8454 /* WishCalendarModel.swift */ = {isa = PBXFileReference; lastKnownFileType = sourcecode.swift; path = WishCalendarModel.swift; sourceTree = "<group>"; };
		0F6AFAD32D666E49007B8454 /* WishEventCreatorModel.swift */ = {isa = PBXFileReference; lastKnownFileType = sourcecode.swift; path = WishEventCreatorModel.swift; sourceTree = "<group>"; };
		0F6AFB1E2D6F8F5F007B8454 /* Sliders1.PNG */ = {isa = PBXFileReference; lastKnownFileType = image.png; path = Sliders1.PNG; sourceTree = "<group>"; };
		0F6AFB202D6F8F78007B8454 /* Sliders2.PNG */ = {isa = PBXFileReference; lastKnownFileType = image.png; path = Sliders2.PNG; sourceTree = "<group>"; };
		0F6AFB222D6F8FB7007B8454 /* Sliders3.gif */ = {isa = PBXFileReference; lastKnownFileType = image.gif; path = Sliders3.gif; sourceTree = "<group>"; };
		0F6AFB242D6F8FD4007B8454 /* Wish1.PNG */ = {isa = PBXFileReference; lastKnownFileType = image.png; path = Wish1.PNG; sourceTree = "<group>"; };
		0F6AFB262D6F8FF9007B8454 /* Wish2.gif */ = {isa = PBXFileReference; lastKnownFileType = image.gif; path = Wish2.gif; sourceTree = "<group>"; };
		0F6AFB282D6F902D007B8454 /* Event1.PNG */ = {isa = PBXFileReference; lastKnownFileType = image.png; path = Event1.PNG; sourceTree = "<group>"; };
		0F6AFB2A2D6F9030007B8454 /* Event2.PNG */ = {isa = PBXFileReference; lastKnownFileType = image.png; path = Event2.PNG; sourceTree = "<group>"; };
		0F6AFB2C2D6F9034007B8454 /* Event3.PNG */ = {isa = PBXFileReference; lastKnownFileType = image.png; path = Event3.PNG; sourceTree = "<group>"; };
		0F6AFB2E2D6F9037007B8454 /* Event4.PNG */ = {isa = PBXFileReference; lastKnownFileType = image.png; path = Event4.PNG; sourceTree = "<group>"; };
		0FEA386C2D5D2B9C00D0DE7E /* WishMakerBuilder.swift */ = {isa = PBXFileReference; lastKnownFileType = sourcecode.swift; path = WishMakerBuilder.swift; sourceTree = "<group>"; };
		0FEA38722D5D44D100D0DE7E /* WishCalendarViewController.swift */ = {isa = PBXFileReference; lastKnownFileType = sourcecode.swift; path = WishCalendarViewController.swift; sourceTree = "<group>"; };
		0FEA38742D5D498900D0DE7E /* WishCalendarInteractor.swift */ = {isa = PBXFileReference; lastKnownFileType = sourcecode.swift; path = WishCalendarInteractor.swift; sourceTree = "<group>"; };
		0FEA38762D5D4C1E00D0DE7E /* WishCalendarPresenter.swift */ = {isa = PBXFileReference; lastKnownFileType = sourcecode.swift; path = WishCalendarPresenter.swift; sourceTree = "<group>"; };
		0FEA38782D5D4C2D00D0DE7E /* WishCalendarBuilder.swift */ = {isa = PBXFileReference; lastKnownFileType = sourcecode.swift; path = WishCalendarBuilder.swift; sourceTree = "<group>"; };
		0FEA387A2D5D567400D0DE7E /* WishEventCell.swift */ = {isa = PBXFileReference; lastKnownFileType = sourcecode.swift; path = WishEventCell.swift; sourceTree = "<group>"; };
		0FEA387C2D5E2BA400D0DE7E /* CalendarEventManager.swift */ = {isa = PBXFileReference; lastKnownFileType = sourcecode.swift; path = CalendarEventManager.swift; sourceTree = "<group>"; };
		0FEA387F2D5E34F800D0DE7E /* WishEventCreatorViewController.swift */ = {isa = PBXFileReference; lastKnownFileType = sourcecode.swift; path = WishEventCreatorViewController.swift; sourceTree = "<group>"; };
		0FEA38812D5E351200D0DE7E /* WishEventCreatorInteractor.swift */ = {isa = PBXFileReference; lastKnownFileType = sourcecode.swift; path = WishEventCreatorInteractor.swift; sourceTree = "<group>"; };
		0FEA38832D5E352500D0DE7E /* WishEventCreatorPresenter.swift */ = {isa = PBXFileReference; lastKnownFileType = sourcecode.swift; path = WishEventCreatorPresenter.swift; sourceTree = "<group>"; };
		0FEA38852D5E354200D0DE7E /* WishEventCreatorModuleBuilder.swift */ = {isa = PBXFileReference; lastKnownFileType = sourcecode.swift; path = WishEventCreatorModuleBuilder.swift; sourceTree = "<group>"; };
/* End PBXFileReference section */

/* Begin PBXFrameworksBuildPhase section */
		0F2848082CDBE17600B02F2C /* Frameworks */ = {
			isa = PBXFrameworksBuildPhase;
			buildActionMask = 2147483647;
			files = (
			);
			runOnlyForDeploymentPostprocessing = 0;
		};
/* End PBXFrameworksBuildPhase section */

/* Begin PBXGroup section */
		0F2848022CDBE17600B02F2C = {
			isa = PBXGroup;
			children = (
				0F6AFA672D64A5B7007B8454 /* README.md */,
				0F28480D2CDBE17600B02F2C /* WishMaker */,
				0F28480C2CDBE17600B02F2C /* Products */,
			);
			sourceTree = "<group>";
		};
		0F28480C2CDBE17600B02F2C /* Products */ = {
			isa = PBXGroup;
			children = (
				0F28480B2CDBE17600B02F2C /* WishMaker.app */,
			);
			name = Products;
			sourceTree = "<group>";
		};
		0F28480D2CDBE17600B02F2C /* WishMaker */ = {
			isa = PBXGroup;
			children = (
				0F6AFA612D628E0F007B8454 /* CoreData */,
				0FEA38692D5D28C700D0DE7E /* Extensions */,
				0FEA38682D5D289A00D0DE7E /* Application */,
				0FEA38672D5D285200D0DE7E /* CustomObjects */,
				0F28483E2CDBE20B00B02F2C /* Modules */,
				0FEA386E2D5D300400D0DE7E /* Resources */,
			);
			path = WishMaker;
			sourceTree = "<group>";
		};
		0F28483E2CDBE20B00B02F2C /* Modules */ = {
			isa = PBXGroup;
			children = (
				0FEA386F2D5D302200D0DE7E /* WishMakerModule */,
				0FEA38702D5D305400D0DE7E /* WishStoringModule */,
				0FEA38712D5D44B400D0DE7E /* WishCalendarModule */,
				0FEA387E2D5E34E000D0DE7E /* WishEventCreatorModule */,
			);
			path = Modules;
			sourceTree = "<group>";
		};
		0F6AFA612D628E0F007B8454 /* CoreData */ = {
			isa = PBXGroup;
			children = (
				0F6AFA5E2D628DFA007B8454 /* DataModels.xcdatamodeld */,
				0F6AFA622D628ECB007B8454 /* CoreDataStack.swift */,
			);
			path = CoreData;
			sourceTree = "<group>";
		};
		0F6AFA692D64AAF5007B8454 /* AppDiscriptionImages */ = {
			isa = PBXGroup;
			children = (
				0F6AFB1E2D6F8F5F007B8454 /* Sliders1.PNG */,
				0F6AFB202D6F8F78007B8454 /* Sliders2.PNG */,
				0F6AFB222D6F8FB7007B8454 /* Sliders3.gif */,
				0F6AFB242D6F8FD4007B8454 /* Wish1.PNG */,
				0F6AFB262D6F8FF9007B8454 /* Wish2.gif */,
				0F6AFB282D6F902D007B8454 /* Event1.PNG */,
				0F6AFB2A2D6F9030007B8454 /* Event2.PNG */,
				0F6AFB2C2D6F9034007B8454 /* Event3.PNG */,
				0F6AFB2E2D6F9037007B8454 /* Event4.PNG */,
			);
			path = AppDiscriptionImages;
			sourceTree = "<group>";
		};
		0FEA38672D5D285200D0DE7E /* CustomObjects */ = {
			isa = PBXGroup;
			children = (
				0F0FCADC2CDD49760032FCB8 /* AddWishCell.swift */,
				0F28484B2CDC1B1500B02F2C /* CustomCell.swift */,
				0F2848452CDBE2BA00B02F2C /* CustomSlider.swift */,
				0FEA387A2D5D567400D0DE7E /* WishEventCell.swift */,
				0FEA387C2D5E2BA400D0DE7E /* CalendarEventManager.swift */,
			);
			path = CustomObjects;
			sourceTree = "<group>";
		};
		0FEA38682D5D289A00D0DE7E /* Application */ = {
			isa = PBXGroup;
			children = (
				0F2848102CDBE17600B02F2C /* SceneDelegate.swift */,
				0F28480E2CDBE17600B02F2C /* AppDelegate.swift */,
			);
			path = Application;
			sourceTree = "<group>";
		};
		0FEA38692D5D28C700D0DE7E /* Extensions */ = {
			isa = PBXGroup;
			children = (
				0F2848472CDBE39100B02F2C /* UIView+Pin.swift */,
			);
			path = Extensions;
			sourceTree = "<group>";
		};
		0FEA386E2D5D300400D0DE7E /* Resources */ = {
			isa = PBXGroup;
			children = (
				0F6AFA692D64AAF5007B8454 /* AppDiscriptionImages */,
				0F28481C2CDBE17800B02F2C /* Info.plist */,
				0F2848192CDBE17800B02F2C /* LaunchScreen.storyboard */,
				0F2848172CDBE17800B02F2C /* Assets.xcassets */,
			);
			path = Resources;
			sourceTree = "<group>";
		};
		0FEA386F2D5D302200D0DE7E /* WishMakerModule */ = {
			isa = PBXGroup;
			children = (
				0F2848122CDBE17600B02F2C /* WishMakerViewController.swift */,
				0F2848412CDBE24A00B02F2C /* WishMakerInteractor.swift */,
				0F2848432CDBE26B00B02F2C /* WishMakerPresenter.swift */,
				0FEA386C2D5D2B9C00D0DE7E /* WishMakerBuilder.swift */,
				0F6AFAC72D65FAB8007B8454 /* WishMakerModel.swift */,
			);
			path = WishMakerModule;
			sourceTree = "<group>";
		};
		0FEA38702D5D305400D0DE7E /* WishStoringModule */ = {
			isa = PBXGroup;
			children = (
				0F2848492CDBF80800B02F2C /* WishStoringViewController.swift */,
				0F6AFAC92D66088A007B8454 /* WishStoringInteractor.swift */,
				0F6AFACB2D6608C4007B8454 /* WishStoringPresenter.swift */,
				0F6AFACD2D6608EA007B8454 /* WishStoringBuilder.swift */,
				0F6AFACF2D66091E007B8454 /* WishStoringModel.swift */,
			);
			path = WishStoringModule;
			sourceTree = "<group>";
		};
		0FEA38712D5D44B400D0DE7E /* WishCalendarModule */ = {
			isa = PBXGroup;
			children = (
				0FEA38722D5D44D100D0DE7E /* WishCalendarViewController.swift */,
				0FEA38742D5D498900D0DE7E /* WishCalendarInteractor.swift */,
				0FEA38762D5D4C1E00D0DE7E /* WishCalendarPresenter.swift */,
				0FEA38782D5D4C2D00D0DE7E /* WishCalendarBuilder.swift */,
				0F6AFAD12D663E75007B8454 /* WishCalendarModel.swift */,
			);
			path = WishCalendarModule;
			sourceTree = "<group>";
		};
		0FEA387E2D5E34E000D0DE7E /* WishEventCreatorModule */ = {
			isa = PBXGroup;
			children = (
				0FEA387F2D5E34F800D0DE7E /* WishEventCreatorViewController.swift */,
				0FEA38812D5E351200D0DE7E /* WishEventCreatorInteractor.swift */,
				0FEA38832D5E352500D0DE7E /* WishEventCreatorPresenter.swift */,
				0FEA38852D5E354200D0DE7E /* WishEventCreatorModuleBuilder.swift */,
				0F6AFAD32D666E49007B8454 /* WishEventCreatorModel.swift */,
			);
			path = WishEventCreatorModule;
			sourceTree = "<group>";
		};
/* End PBXGroup section */

/* Begin PBXNativeTarget section */
		0F28480A2CDBE17600B02F2C /* WishMaker */ = {
			isa = PBXNativeTarget;
			buildConfigurationList = 0F2848352CDBE17800B02F2C /* Build configuration list for PBXNativeTarget "WishMaker" */;
			buildPhases = (
				0F2848072CDBE17600B02F2C /* Sources */,
				0F2848082CDBE17600B02F2C /* Frameworks */,
				0F2848092CDBE17600B02F2C /* Resources */,
			);
			buildRules = (
			);
			dependencies = (
			);
			name = WishMaker;
			productName = aasazonova_1PW3;
			productReference = 0F28480B2CDBE17600B02F2C /* WishMaker.app */;
			productType = "com.apple.product-type.application";
		};
/* End PBXNativeTarget section */

/* Begin PBXProject section */
		0F2848032CDBE17600B02F2C /* Project object */ = {
			isa = PBXProject;
			attributes = {
				BuildIndependentTargetsInParallel = 1;
				LastSwiftUpdateCheck = 1500;
				LastUpgradeCheck = 1500;
				TargetAttributes = {
					0F28480A2CDBE17600B02F2C = {
						CreatedOnToolsVersion = 15.0;
					};
				};
			};
			buildConfigurationList = 0F2848062CDBE17600B02F2C /* Build configuration list for PBXProject "WishMaker" */;
			compatibilityVersion = "Xcode 14.0";
			developmentRegion = en;
			hasScannedForEncodings = 0;
			knownRegions = (
				en,
				Base,
			);
			mainGroup = 0F2848022CDBE17600B02F2C;
			productRefGroup = 0F28480C2CDBE17600B02F2C /* Products */;
			projectDirPath = "";
			projectRoot = "";
			targets = (
				0F28480A2CDBE17600B02F2C /* WishMaker */,
			);
		};
/* End PBXProject section */

/* Begin PBXResourcesBuildPhase section */
		0F2848092CDBE17600B02F2C /* Resources */ = {
			isa = PBXResourcesBuildPhase;
			buildActionMask = 2147483647;
			files = (
				0F6AFB252D6F8FD5007B8454 /* Wish1.PNG in Resources */,
				0F6AFB232D6F8FB7007B8454 /* Sliders3.gif in Resources */,
				0F6AFB2D2D6F9034007B8454 /* Event3.PNG in Resources */,
				0F6AFA682D64A5B7007B8454 /* README.md in Resources */,
				0F6AFB2B2D6F9030007B8454 /* Event2.PNG in Resources */,
				0F28481B2CDBE17800B02F2C /* LaunchScreen.storyboard in Resources */,
				0F6AFB272D6F8FFA007B8454 /* Wish2.gif in Resources */,
				0F6AFB212D6F8F78007B8454 /* Sliders2.PNG in Resources */,
				0F6AFB1F2D6F8F5F007B8454 /* Sliders1.PNG in Resources */,
				0F2848182CDBE17800B02F2C /* Assets.xcassets in Resources */,
				0F6AFB292D6F902D007B8454 /* Event1.PNG in Resources */,
				0F6AFB2F2D6F9037007B8454 /* Event4.PNG in Resources */,
			);
			runOnlyForDeploymentPostprocessing = 0;
		};
/* End PBXResourcesBuildPhase section */

/* Begin PBXSourcesBuildPhase section */
		0F2848072CDBE17600B02F2C /* Sources */ = {
			isa = PBXSourcesBuildPhase;
			buildActionMask = 2147483647;
			files = (
				0F2848442CDBE26B00B02F2C /* WishMakerPresenter.swift in Sources */,
				0F6AFA632D628ECB007B8454 /* CoreDataStack.swift in Sources */,
				0F6AFACA2D66088A007B8454 /* WishStoringInteractor.swift in Sources */,
				0FEA386B2D5D28F300D0DE7E /* WishStoringViewController.swift in Sources */,
				0F6AFAC82D65FAB8007B8454 /* WishMakerModel.swift in Sources */,
				0F28484C2CDC1B1500B02F2C /* CustomCell.swift in Sources */,
				0F6AFACC2D6608C4007B8454 /* WishStoringPresenter.swift in Sources */,
				0F2848462CDBE2BA00B02F2C /* CustomSlider.swift in Sources */,
				0F6AFACE2D6608EA007B8454 /* WishStoringBuilder.swift in Sources */,
				0FEA387D2D5E2BA400D0DE7E /* CalendarEventManager.swift in Sources */,
				0F0FCADD2CDD49760032FCB8 /* AddWishCell.swift in Sources */,
				0FEA38842D5E352500D0DE7E /* WishEventCreatorPresenter.swift in Sources */,
				0FEA38792D5D4C2D00D0DE7E /* WishCalendarBuilder.swift in Sources */,
				0F6AFA602D628DFA007B8454 /* DataModels.xcdatamodeld in Sources */,
				0F2848482CDBE39100B02F2C /* UIView+Pin.swift in Sources */,
				0FEA38732D5D44D100D0DE7E /* WishCalendarViewController.swift in Sources */,
				0FEA38822D5E351200D0DE7E /* WishEventCreatorInteractor.swift in Sources */,
				0FEA38752D5D498900D0DE7E /* WishCalendarInteractor.swift in Sources */,
				0FEA386D2D5D2B9C00D0DE7E /* WishMakerBuilder.swift in Sources */,
				0F6AFAD02D66091E007B8454 /* WishStoringModel.swift in Sources */,
				0F6AFAD42D666E49007B8454 /* WishEventCreatorModel.swift in Sources */,
				0FEA38802D5E34F800D0DE7E /* WishEventCreatorViewController.swift in Sources */,
				0F2848132CDBE17600B02F2C /* WishMakerViewController.swift in Sources */,
				0FEA387B2D5D567400D0DE7E /* WishEventCell.swift in Sources */,
				0F2848422CDBE24A00B02F2C /* WishMakerInteractor.swift in Sources */,
				0FEA38772D5D4C1E00D0DE7E /* WishCalendarPresenter.swift in Sources */,
				0F6AFAD22D663E75007B8454 /* WishCalendarModel.swift in Sources */,
				0F28480F2CDBE17600B02F2C /* AppDelegate.swift in Sources */,
				0FEA38862D5E354200D0DE7E /* WishEventCreatorModuleBuilder.swift in Sources */,
				0F2848112CDBE17600B02F2C /* SceneDelegate.swift in Sources */,
			);
			runOnlyForDeploymentPostprocessing = 0;
		};
/* End PBXSourcesBuildPhase section */

/* Begin PBXVariantGroup section */
		0F2848192CDBE17800B02F2C /* LaunchScreen.storyboard */ = {
			isa = PBXVariantGroup;
			children = (
				0F28481A2CDBE17800B02F2C /* Base */,
			);
			name = LaunchScreen.storyboard;
			sourceTree = "<group>";
		};
/* End PBXVariantGroup section */

/* Begin XCBuildConfiguration section */
		0F2848332CDBE17800B02F2C /* Debug */ = {
			isa = XCBuildConfiguration;
			buildSettings = {
				ALWAYS_SEARCH_USER_PATHS = NO;
				ASSETCATALOG_COMPILER_GENERATE_SWIFT_ASSET_SYMBOL_EXTENSIONS = YES;
				CLANG_ANALYZER_NONNULL = YES;
				CLANG_ANALYZER_NUMBER_OBJECT_CONVERSION = YES_AGGRESSIVE;
				CLANG_CXX_LANGUAGE_STANDARD = "gnu++20";
				CLANG_ENABLE_MODULES = YES;
				CLANG_ENABLE_OBJC_ARC = YES;
				CLANG_ENABLE_OBJC_WEAK = YES;
				CLANG_WARN_BLOCK_CAPTURE_AUTORELEASING = YES;
				CLANG_WARN_BOOL_CONVERSION = YES;
				CLANG_WARN_COMMA = YES;
				CLANG_WARN_CONSTANT_CONVERSION = YES;
				CLANG_WARN_DEPRECATED_OBJC_IMPLEMENTATIONS = YES;
				CLANG_WARN_DIRECT_OBJC_ISA_USAGE = YES_ERROR;
				CLANG_WARN_DOCUMENTATION_COMMENTS = YES;
				CLANG_WARN_EMPTY_BODY = YES;
				CLANG_WARN_ENUM_CONVERSION = YES;
				CLANG_WARN_INFINITE_RECURSION = YES;
				CLANG_WARN_INT_CONVERSION = YES;
				CLANG_WARN_NON_LITERAL_NULL_CONVERSION = YES;
				CLANG_WARN_OBJC_IMPLICIT_RETAIN_SELF = YES;
				CLANG_WARN_OBJC_LITERAL_CONVERSION = YES;
				CLANG_WARN_OBJC_ROOT_CLASS = YES_ERROR;
				CLANG_WARN_QUOTED_INCLUDE_IN_FRAMEWORK_HEADER = YES;
				CLANG_WARN_RANGE_LOOP_ANALYSIS = YES;
				CLANG_WARN_STRICT_PROTOTYPES = YES;
				CLANG_WARN_SUSPICIOUS_MOVE = YES;
				CLANG_WARN_UNGUARDED_AVAILABILITY = YES_AGGRESSIVE;
				CLANG_WARN_UNREACHABLE_CODE = YES;
				CLANG_WARN__DUPLICATE_METHOD_MATCH = YES;
				COPY_PHASE_STRIP = NO;
				DEBUG_INFORMATION_FORMAT = dwarf;
				ENABLE_STRICT_OBJC_MSGSEND = YES;
				ENABLE_TESTABILITY = YES;
				ENABLE_USER_SCRIPT_SANDBOXING = YES;
				GCC_C_LANGUAGE_STANDARD = gnu17;
				GCC_DYNAMIC_NO_PIC = NO;
				GCC_NO_COMMON_BLOCKS = YES;
				GCC_OPTIMIZATION_LEVEL = 0;
				GCC_PREPROCESSOR_DEFINITIONS = (
					"DEBUG=1",
					"$(inherited)",
				);
				GCC_WARN_64_TO_32_BIT_CONVERSION = YES;
				GCC_WARN_ABOUT_RETURN_TYPE = YES_ERROR;
				GCC_WARN_UNDECLARED_SELECTOR = YES;
				GCC_WARN_UNINITIALIZED_AUTOS = YES_AGGRESSIVE;
				GCC_WARN_UNUSED_FUNCTION = YES;
				GCC_WARN_UNUSED_VARIABLE = YES;
				IPHONEOS_DEPLOYMENT_TARGET = 17.0;
				LOCALIZATION_PREFERS_STRING_CATALOGS = YES;
				MTL_ENABLE_DEBUG_INFO = INCLUDE_SOURCE;
				MTL_FAST_MATH = YES;
				ONLY_ACTIVE_ARCH = YES;
				SDKROOT = iphoneos;
				SWIFT_ACTIVE_COMPILATION_CONDITIONS = "DEBUG $(inherited)";
				SWIFT_OPTIMIZATION_LEVEL = "-Onone";
			};
			name = Debug;
		};
		0F2848342CDBE17800B02F2C /* Release */ = {
			isa = XCBuildConfiguration;
			buildSettings = {
				ALWAYS_SEARCH_USER_PATHS = NO;
				ASSETCATALOG_COMPILER_GENERATE_SWIFT_ASSET_SYMBOL_EXTENSIONS = YES;
				CLANG_ANALYZER_NONNULL = YES;
				CLANG_ANALYZER_NUMBER_OBJECT_CONVERSION = YES_AGGRESSIVE;
				CLANG_CXX_LANGUAGE_STANDARD = "gnu++20";
				CLANG_ENABLE_MODULES = YES;
				CLANG_ENABLE_OBJC_ARC = YES;
				CLANG_ENABLE_OBJC_WEAK = YES;
				CLANG_WARN_BLOCK_CAPTURE_AUTORELEASING = YES;
				CLANG_WARN_BOOL_CONVERSION = YES;
				CLANG_WARN_COMMA = YES;
				CLANG_WARN_CONSTANT_CONVERSION = YES;
				CLANG_WARN_DEPRECATED_OBJC_IMPLEMENTATIONS = YES;
				CLANG_WARN_DIRECT_OBJC_ISA_USAGE = YES_ERROR;
				CLANG_WARN_DOCUMENTATION_COMMENTS = YES;
				CLANG_WARN_EMPTY_BODY = YES;
				CLANG_WARN_ENUM_CONVERSION = YES;
				CLANG_WARN_INFINITE_RECURSION = YES;
				CLANG_WARN_INT_CONVERSION = YES;
				CLANG_WARN_NON_LITERAL_NULL_CONVERSION = YES;
				CLANG_WARN_OBJC_IMPLICIT_RETAIN_SELF = YES;
				CLANG_WARN_OBJC_LITERAL_CONVERSION = YES;
				CLANG_WARN_OBJC_ROOT_CLASS = YES_ERROR;
				CLANG_WARN_QUOTED_INCLUDE_IN_FRAMEWORK_HEADER = YES;
				CLANG_WARN_RANGE_LOOP_ANALYSIS = YES;
				CLANG_WARN_STRICT_PROTOTYPES = YES;
				CLANG_WARN_SUSPICIOUS_MOVE = YES;
				CLANG_WARN_UNGUARDED_AVAILABILITY = YES_AGGRESSIVE;
				CLANG_WARN_UNREACHABLE_CODE = YES;
				CLANG_WARN__DUPLICATE_METHOD_MATCH = YES;
				COPY_PHASE_STRIP = NO;
				DEBUG_INFORMATION_FORMAT = "dwarf-with-dsym";
				ENABLE_NS_ASSERTIONS = NO;
				ENABLE_STRICT_OBJC_MSGSEND = YES;
				ENABLE_USER_SCRIPT_SANDBOXING = YES;
				GCC_C_LANGUAGE_STANDARD = gnu17;
				GCC_NO_COMMON_BLOCKS = YES;
				GCC_WARN_64_TO_32_BIT_CONVERSION = YES;
				GCC_WARN_ABOUT_RETURN_TYPE = YES_ERROR;
				GCC_WARN_UNDECLARED_SELECTOR = YES;
				GCC_WARN_UNINITIALIZED_AUTOS = YES_AGGRESSIVE;
				GCC_WARN_UNUSED_FUNCTION = YES;
				GCC_WARN_UNUSED_VARIABLE = YES;
				IPHONEOS_DEPLOYMENT_TARGET = 17.0;
				LOCALIZATION_PREFERS_STRING_CATALOGS = YES;
				MTL_ENABLE_DEBUG_INFO = NO;
				MTL_FAST_MATH = YES;
				SDKROOT = iphoneos;
				SWIFT_COMPILATION_MODE = wholemodule;
				VALIDATE_PRODUCT = YES;
			};
			name = Release;
		};
		0F2848362CDBE17800B02F2C /* Debug */ = {
			isa = XCBuildConfiguration;
			buildSettings = {
				ASSETCATALOG_COMPILER_APPICON_NAME = AppIcon;
				ASSETCATALOG_COMPILER_GLOBAL_ACCENT_COLOR_NAME = AccentColor;
				CODE_SIGN_STYLE = Automatic;
				CURRENT_PROJECT_VERSION = 1;
				DEVELOPMENT_TEAM = D29HMVXL7B;
				GENERATE_INFOPLIST_FILE = YES;
				INFOPLIST_FILE = WishMaker/Resources/Info.plist;
				INFOPLIST_KEY_CFBundleDisplayName = WishMaker;
				INFOPLIST_KEY_UIApplicationSupportsIndirectInputEvents = YES;
				INFOPLIST_KEY_UILaunchStoryboardName = LaunchScreen;
				INFOPLIST_KEY_UIMainStoryboardFile = "";
				INFOPLIST_KEY_UISupportedInterfaceOrientations_iPad = "UIInterfaceOrientationPortrait UIInterfaceOrientationPortraitUpsideDown UIInterfaceOrientationLandscapeLeft UIInterfaceOrientationLandscapeRight";
				INFOPLIST_KEY_UISupportedInterfaceOrientations_iPhone = "UIInterfaceOrientationPortrait UIInterfaceOrientationLandscapeLeft UIInterfaceOrientationLandscapeRight";
				IPHONEOS_DEPLOYMENT_TARGET = 14.0;
				LD_RUNPATH_SEARCH_PATHS = (
					"$(inherited)",
					"@executable_path/Frameworks",
				);
				MARKETING_VERSION = 1.0;
				PRODUCT_BUNDLE_IDENTIFIER = hse.WishMaker;
				PRODUCT_NAME = "$(TARGET_NAME)";
				SWIFT_EMIT_LOC_STRINGS = YES;
				SWIFT_VERSION = 5.0;
				TARGETED_DEVICE_FAMILY = "1,2";
			};
			name = Debug;
		};
		0F2848372CDBE17800B02F2C /* Release */ = {
			isa = XCBuildConfiguration;
			buildSettings = {
				ASSETCATALOG_COMPILER_APPICON_NAME = AppIcon;
				ASSETCATALOG_COMPILER_GLOBAL_ACCENT_COLOR_NAME = AccentColor;
				CODE_SIGN_STYLE = Automatic;
				CURRENT_PROJECT_VERSION = 1;
				DEVELOPMENT_TEAM = D29HMVXL7B;
				GENERATE_INFOPLIST_FILE = YES;
				INFOPLIST_FILE = WishMaker/Resources/Info.plist;
				INFOPLIST_KEY_CFBundleDisplayName = WishMaker;
				INFOPLIST_KEY_UIApplicationSupportsIndirectInputEvents = YES;
				INFOPLIST_KEY_UILaunchStoryboardName = LaunchScreen;
				INFOPLIST_KEY_UIMainStoryboardFile = "";
				INFOPLIST_KEY_UISupportedInterfaceOrientations_iPad = "UIInterfaceOrientationPortrait UIInterfaceOrientationPortraitUpsideDown UIInterfaceOrientationLandscapeLeft UIInterfaceOrientationLandscapeRight";
				INFOPLIST_KEY_UISupportedInterfaceOrientations_iPhone = "UIInterfaceOrientationPortrait UIInterfaceOrientationLandscapeLeft UIInterfaceOrientationLandscapeRight";
				IPHONEOS_DEPLOYMENT_TARGET = 14.0;
				LD_RUNPATH_SEARCH_PATHS = (
					"$(inherited)",
					"@executable_path/Frameworks",
				);
				MARKETING_VERSION = 1.0;
				PRODUCT_BUNDLE_IDENTIFIER = hse.WishMaker;
				PRODUCT_NAME = "$(TARGET_NAME)";
				SWIFT_EMIT_LOC_STRINGS = YES;
				SWIFT_VERSION = 5.0;
				TARGETED_DEVICE_FAMILY = "1,2";
			};
			name = Release;
		};
/* End XCBuildConfiguration section */

/* Begin XCConfigurationList section */
		0F2848062CDBE17600B02F2C /* Build configuration list for PBXProject "WishMaker" */ = {
			isa = XCConfigurationList;
			buildConfigurations = (
				0F2848332CDBE17800B02F2C /* Debug */,
				0F2848342CDBE17800B02F2C /* Release */,
			);
			defaultConfigurationIsVisible = 0;
			defaultConfigurationName = Release;
		};
		0F2848352CDBE17800B02F2C /* Build configuration list for PBXNativeTarget "WishMaker" */ = {
			isa = XCConfigurationList;
			buildConfigurations = (
				0F2848362CDBE17800B02F2C /* Debug */,
				0F2848372CDBE17800B02F2C /* Release */,
			);
			defaultConfigurationIsVisible = 0;
			defaultConfigurationName = Release;
		};
/* End XCConfigurationList section */

/* Begin XCVersionGroup section */
		0F6AFA5E2D628DFA007B8454 /* DataModels.xcdatamodeld */ = {
			isa = XCVersionGroup;
			children = (
				0F6AFA5F2D628DFA007B8454 /* EventModel.xcdatamodel */,
			);
			currentVersion = 0F6AFA5F2D628DFA007B8454 /* EventModel.xcdatamodel */;
			path = DataModels.xcdatamodeld;
			sourceTree = "<group>";
			versionGroupType = wrapper.xcdatamodel;
		};
/* End XCVersionGroup section */
	};
	rootObject = 0F2848032CDBE17600B02F2C /* Project object */;
}
