// !$*UTF8*$!
{
	archiveVersion = 1;
	classes = {
	};
	objectVersion = 56;
	objects = {

/* Begin PBXBuildFile section */
		0F0FCADD2CDD49760032FCB8 /* AddWishCell.swift in Sources */ = {isa = PBXBuildFile; fileRef = 0F0FCADC2CDD49760032FCB8 /* AddWishCell.swift */; };
		0F28480F2CDBE17600B02F2C /* AppDelegate.swift in Sources */ = {isa = PBXBuildFile; fileRef = 0F28480E2CDBE17600B02F2C /* AppDelegate.swift */; };
		0F2848112CDBE17600B02F2C /* SceneDelegate.swift in Sources */ = {isa = PBXBuildFile; fileRef = 0F2848102CDBE17600B02F2C /* SceneDelegate.swift */; };
		0F2848132CDBE17600B02F2C /* WishMakerViewController.swift in Sources */ = {isa = PBXBuildFile; fileRef = 0F2848122CDBE17600B02F2C /* WishMakerViewController.swift */; };
		0F2848182CDBE17800B02F2C /* Assets.xcassets in Resources */ = {isa = PBXBuildFile; fileRef = 0F2848172CDBE17800B02F2C /* Assets.xcassets */; };
		0F28481B2CDBE17800B02F2C /* LaunchScreen.storyboard in Resources */ = {isa = PBXBuildFile; fileRef = 0F2848192CDBE17800B02F2C /* LaunchScreen.storyboard */; };
		0F2848262CDBE17800B02F2C /* aasazonova_1PW3Tests.swift in Sources */ = {isa = PBXBuildFile; fileRef = 0F2848252CDBE17800B02F2C /* aasazonova_1PW3Tests.swift */; };
		0F2848302CDBE17800B02F2C /* aasazonova_1PW3UITests.swift in Sources */ = {isa = PBXBuildFile; fileRef = 0F28482F2CDBE17800B02F2C /* aasazonova_1PW3UITests.swift */; };
		0F2848322CDBE17800B02F2C /* aasazonova_1PW3UITestsLaunchTests.swift in Sources */ = {isa = PBXBuildFile; fileRef = 0F2848312CDBE17800B02F2C /* aasazonova_1PW3UITestsLaunchTests.swift */; };
		0F2848422CDBE24A00B02F2C /* WishMakerInteractor.swift in Sources */ = {isa = PBXBuildFile; fileRef = 0F2848412CDBE24A00B02F2C /* WishMakerInteractor.swift */; };
		0F2848442CDBE26B00B02F2C /* WishMakerPresenter.swift in Sources */ = {isa = PBXBuildFile; fileRef = 0F2848432CDBE26B00B02F2C /* WishMakerPresenter.swift */; };
		0F2848462CDBE2BA00B02F2C /* CustomSlider.swift in Sources */ = {isa = PBXBuildFile; fileRef = 0F2848452CDBE2BA00B02F2C /* CustomSlider.swift */; };
		0F2848482CDBE39100B02F2C /* UIView+Pin.swift in Sources */ = {isa = PBXBuildFile; fileRef = 0F2848472CDBE39100B02F2C /* UIView+Pin.swift */; };
		0F28484C2CDC1B1500B02F2C /* CustomCell.swift in Sources */ = {isa = PBXBuildFile; fileRef = 0F28484B2CDC1B1500B02F2C /* CustomCell.swift */; };
		0FEA386B2D5D28F300D0DE7E /* WishStoringViewController.swift in Sources */ = {isa = PBXBuildFile; fileRef = 0F2848492CDBF80800B02F2C /* WishStoringViewController.swift */; };
		0FEA386D2D5D2B9C00D0DE7E /* WishMakerModuleBuilder.swift in Sources */ = {isa = PBXBuildFile; fileRef = 0FEA386C2D5D2B9C00D0DE7E /* WishMakerModuleBuilder.swift */; };
		0FEA38732D5D44D100D0DE7E /* WishCalendarViewController.swift in Sources */ = {isa = PBXBuildFile; fileRef = 0FEA38722D5D44D100D0DE7E /* WishCalendarViewController.swift */; };
		0FEA38752D5D498900D0DE7E /* WishCalendarInteractor.swift in Sources */ = {isa = PBXBuildFile; fileRef = 0FEA38742D5D498900D0DE7E /* WishCalendarInteractor.swift */; };
		0FEA38772D5D4C1E00D0DE7E /* WishCalendarPresenter.swift in Sources */ = {isa = PBXBuildFile; fileRef = 0FEA38762D5D4C1E00D0DE7E /* WishCalendarPresenter.swift */; };
		0FEA38792D5D4C2D00D0DE7E /* WishCalendarModuleBuilder.swift in Sources */ = {isa = PBXBuildFile; fileRef = 0FEA38782D5D4C2D00D0DE7E /* WishCalendarModuleBuilder.swift */; };
		0FEA387B2D5D567400D0DE7E /* WishEventCell.swift in Sources */ = {isa = PBXBuildFile; fileRef = 0FEA387A2D5D567400D0DE7E /* WishEventCell.swift */; };
		0FEA387D2D5E2BA400D0DE7E /* CalendarEventManager.swift in Sources */ = {isa = PBXBuildFile; fileRef = 0FEA387C2D5E2BA400D0DE7E /* CalendarEventManager.swift */; };
		0FEA38802D5E34F800D0DE7E /* WishEventCreationViewController.swift in Sources */ = {isa = PBXBuildFile; fileRef = 0FEA387F2D5E34F800D0DE7E /* WishEventCreationViewController.swift */; };
		0FEA38822D5E351200D0DE7E /* WishEventCreationInteractor.swift in Sources */ = {isa = PBXBuildFile; fileRef = 0FEA38812D5E351200D0DE7E /* WishEventCreationInteractor.swift */; };
		0FEA38842D5E352500D0DE7E /* WishEventCreationPresenter.swift in Sources */ = {isa = PBXBuildFile; fileRef = 0FEA38832D5E352500D0DE7E /* WishEventCreationPresenter.swift */; };
		0FEA38862D5E354200D0DE7E /* WishEventCreationModuleBuilder.swift in Sources */ = {isa = PBXBuildFile; fileRef = 0FEA38852D5E354200D0DE7E /* WishEventCreationModuleBuilder.swift */; };
/* End PBXBuildFile section */

/* Begin PBXContainerItemProxy section */
		0F2848222CDBE17800B02F2C /* PBXContainerItemProxy */ = {
			isa = PBXContainerItemProxy;
			containerPortal = 0F2848032CDBE17600B02F2C /* Project object */;
			proxyType = 1;
			remoteGlobalIDString = 0F28480A2CDBE17600B02F2C;
			remoteInfo = aasazonova_1PW3;
		};
		0F28482C2CDBE17800B02F2C /* PBXContainerItemProxy */ = {
			isa = PBXContainerItemProxy;
			containerPortal = 0F2848032CDBE17600B02F2C /* Project object */;
			proxyType = 1;
			remoteGlobalIDString = 0F28480A2CDBE17600B02F2C;
			remoteInfo = aasazonova_1PW3;
		};
/* End PBXContainerItemProxy section */

/* Begin PBXFileReference section */
		0F0FCADC2CDD49760032FCB8 /* AddWishCell.swift */ = {isa = PBXFileReference; lastKnownFileType = sourcecode.swift; path = AddWishCell.swift; sourceTree = "<group>"; };
		0F28480B2CDBE17600B02F2C /* aasazonova_1PW3.app */ = {isa = PBXFileReference; explicitFileType = wrapper.application; includeInIndex = 0; path = aasazonova_1PW3.app; sourceTree = BUILT_PRODUCTS_DIR; };
		0F28480E2CDBE17600B02F2C /* AppDelegate.swift */ = {isa = PBXFileReference; lastKnownFileType = sourcecode.swift; path = AppDelegate.swift; sourceTree = "<group>"; };
		0F2848102CDBE17600B02F2C /* SceneDelegate.swift */ = {isa = PBXFileReference; lastKnownFileType = sourcecode.swift; path = SceneDelegate.swift; sourceTree = "<group>"; };
		0F2848122CDBE17600B02F2C /* WishMakerViewController.swift */ = {isa = PBXFileReference; lastKnownFileType = sourcecode.swift; path = WishMakerViewController.swift; sourceTree = "<group>"; };
		0F2848172CDBE17800B02F2C /* Assets.xcassets */ = {isa = PBXFileReference; lastKnownFileType = folder.assetcatalog; path = Assets.xcassets; sourceTree = "<group>"; };
		0F28481A2CDBE17800B02F2C /* Base */ = {isa = PBXFileReference; lastKnownFileType = file.storyboard; name = Base; path = Base.lproj/LaunchScreen.storyboard; sourceTree = "<group>"; };
		0F28481C2CDBE17800B02F2C /* Info.plist */ = {isa = PBXFileReference; lastKnownFileType = text.plist.xml; path = Info.plist; sourceTree = "<group>"; };
		0F2848212CDBE17800B02F2C /* aasazonova_1PW3Tests.xctest */ = {isa = PBXFileReference; explicitFileType = wrapper.cfbundle; includeInIndex = 0; path = aasazonova_1PW3Tests.xctest; sourceTree = BUILT_PRODUCTS_DIR; };
		0F2848252CDBE17800B02F2C /* aasazonova_1PW3Tests.swift */ = {isa = PBXFileReference; lastKnownFileType = sourcecode.swift; path = aasazonova_1PW3Tests.swift; sourceTree = "<group>"; };
		0F28482B2CDBE17800B02F2C /* aasazonova_1PW3UITests.xctest */ = {isa = PBXFileReference; explicitFileType = wrapper.cfbundle; includeInIndex = 0; path = aasazonova_1PW3UITests.xctest; sourceTree = BUILT_PRODUCTS_DIR; };
		0F28482F2CDBE17800B02F2C /* aasazonova_1PW3UITests.swift */ = {isa = PBXFileReference; lastKnownFileType = sourcecode.swift; path = aasazonova_1PW3UITests.swift; sourceTree = "<group>"; };
		0F2848312CDBE17800B02F2C /* aasazonova_1PW3UITestsLaunchTests.swift */ = {isa = PBXFileReference; lastKnownFileType = sourcecode.swift; path = aasazonova_1PW3UITestsLaunchTests.swift; sourceTree = "<group>"; };
		0F2848412CDBE24A00B02F2C /* WishMakerInteractor.swift */ = {isa = PBXFileReference; lastKnownFileType = sourcecode.swift; path = WishMakerInteractor.swift; sourceTree = "<group>"; };
		0F2848432CDBE26B00B02F2C /* WishMakerPresenter.swift */ = {isa = PBXFileReference; lastKnownFileType = sourcecode.swift; path = WishMakerPresenter.swift; sourceTree = "<group>"; };
		0F2848452CDBE2BA00B02F2C /* CustomSlider.swift */ = {isa = PBXFileReference; lastKnownFileType = sourcecode.swift; path = CustomSlider.swift; sourceTree = "<group>"; };
		0F2848472CDBE39100B02F2C /* UIView+Pin.swift */ = {isa = PBXFileReference; lastKnownFileType = sourcecode.swift; path = "UIView+Pin.swift"; sourceTree = "<group>"; };
		0F2848492CDBF80800B02F2C /* WishStoringViewController.swift */ = {isa = PBXFileReference; lastKnownFileType = sourcecode.swift; path = WishStoringViewController.swift; sourceTree = "<group>"; };
		0F28484B2CDC1B1500B02F2C /* CustomCell.swift */ = {isa = PBXFileReference; lastKnownFileType = sourcecode.swift; path = CustomCell.swift; sourceTree = "<group>"; };
		0FEA386C2D5D2B9C00D0DE7E /* WishMakerModuleBuilder.swift */ = {isa = PBXFileReference; lastKnownFileType = sourcecode.swift; path = WishMakerModuleBuilder.swift; sourceTree = "<group>"; };
		0FEA38722D5D44D100D0DE7E /* WishCalendarViewController.swift */ = {isa = PBXFileReference; lastKnownFileType = sourcecode.swift; path = WishCalendarViewController.swift; sourceTree = "<group>"; };
		0FEA38742D5D498900D0DE7E /* WishCalendarInteractor.swift */ = {isa = PBXFileReference; lastKnownFileType = sourcecode.swift; path = WishCalendarInteractor.swift; sourceTree = "<group>"; };
		0FEA38762D5D4C1E00D0DE7E /* WishCalendarPresenter.swift */ = {isa = PBXFileReference; lastKnownFileType = sourcecode.swift; path = WishCalendarPresenter.swift; sourceTree = "<group>"; };
		0FEA38782D5D4C2D00D0DE7E /* WishCalendarModuleBuilder.swift */ = {isa = PBXFileReference; lastKnownFileType = sourcecode.swift; path = WishCalendarModuleBuilder.swift; sourceTree = "<group>"; };
		0FEA387A2D5D567400D0DE7E /* WishEventCell.swift */ = {isa = PBXFileReference; lastKnownFileType = sourcecode.swift; path = WishEventCell.swift; sourceTree = "<group>"; };
		0FEA387C2D5E2BA400D0DE7E /* CalendarEventManager.swift */ = {isa = PBXFileReference; lastKnownFileType = sourcecode.swift; path = CalendarEventManager.swift; sourceTree = "<group>"; };
		0FEA387F2D5E34F800D0DE7E /* WishEventCreationViewController.swift */ = {isa = PBXFileReference; lastKnownFileType = sourcecode.swift; path = WishEventCreationViewController.swift; sourceTree = "<group>"; };
		0FEA38812D5E351200D0DE7E /* WishEventCreationInteractor.swift */ = {isa = PBXFileReference; lastKnownFileType = sourcecode.swift; path = WishEventCreationInteractor.swift; sourceTree = "<group>"; };
		0FEA38832D5E352500D0DE7E /* WishEventCreationPresenter.swift */ = {isa = PBXFileReference; lastKnownFileType = sourcecode.swift; path = WishEventCreationPresenter.swift; sourceTree = "<group>"; };
		0FEA38852D5E354200D0DE7E /* WishEventCreationModuleBuilder.swift */ = {isa = PBXFileReference; lastKnownFileType = sourcecode.swift; path = WishEventCreationModuleBuilder.swift; sourceTree = "<group>"; };
/* End PBXFileReference section */

/* Begin PBXFrameworksBuildPhase section */
		0F2848082CDBE17600B02F2C /* Frameworks */ = {
			isa = PBXFrameworksBuildPhase;
			buildActionMask = 2147483647;
			files = (
			);
			runOnlyForDeploymentPostprocessing = 0;
		};
		0F28481E2CDBE17800B02F2C /* Frameworks */ = {
			isa = PBXFrameworksBuildPhase;
			buildActionMask = 2147483647;
			files = (
			);
			runOnlyForDeploymentPostprocessing = 0;
		};
		0F2848282CDBE17800B02F2C /* Frameworks */ = {
			isa = PBXFrameworksBuildPhase;
			buildActionMask = 2147483647;
			files = (
			);
			runOnlyForDeploymentPostprocessing = 0;
		};
/* End PBXFrameworksBuildPhase section */

/* Begin PBXGroup section */
		0F2848022CDBE17600B02F2C = {
			isa = PBXGroup;
			children = (
				0F28480D2CDBE17600B02F2C /* aasazonova_1PW3 */,
				0F28482E2CDBE17800B02F2C /* aasazonova_1PW3UITests */,
				0F2848242CDBE17800B02F2C /* aasazonova_1PW3Tests */,
				0F28480C2CDBE17600B02F2C /* Products */,
			);
			sourceTree = "<group>";
		};
		0F28480C2CDBE17600B02F2C /* Products */ = {
			isa = PBXGroup;
			children = (
				0F28480B2CDBE17600B02F2C /* aasazonova_1PW3.app */,
				0F2848212CDBE17800B02F2C /* aasazonova_1PW3Tests.xctest */,
				0F28482B2CDBE17800B02F2C /* aasazonova_1PW3UITests.xctest */,
			);
			name = Products;
			sourceTree = "<group>";
		};
		0F28480D2CDBE17600B02F2C /* aasazonova_1PW3 */ = {
			isa = PBXGroup;
			children = (
				0F28481C2CDBE17800B02F2C /* Info.plist */,
				0FEA38692D5D28C700D0DE7E /* Extensions */,
				0FEA38682D5D289A00D0DE7E /* Application */,
				0FEA38672D5D285200D0DE7E /* Models */,
				0F28483E2CDBE20B00B02F2C /* Modules */,
				0FEA386E2D5D300400D0DE7E /* Resources */,
			);
			path = aasazonova_1PW3;
			sourceTree = "<group>";
		};
		0F2848242CDBE17800B02F2C /* aasazonova_1PW3Tests */ = {
			isa = PBXGroup;
			children = (
				0F2848252CDBE17800B02F2C /* aasazonova_1PW3Tests.swift */,
			);
			path = aasazonova_1PW3Tests;
			sourceTree = "<group>";
		};
		0F28482E2CDBE17800B02F2C /* aasazonova_1PW3UITests */ = {
			isa = PBXGroup;
			children = (
				0F28482F2CDBE17800B02F2C /* aasazonova_1PW3UITests.swift */,
				0F2848312CDBE17800B02F2C /* aasazonova_1PW3UITestsLaunchTests.swift */,
			);
			path = aasazonova_1PW3UITests;
			sourceTree = "<group>";
		};
		0F28483E2CDBE20B00B02F2C /* Modules */ = {
			isa = PBXGroup;
			children = (
				0FEA387E2D5E34E000D0DE7E /* WishEventCreationModule */,
				0FEA38712D5D44B400D0DE7E /* WishCalendarModule */,
				0FEA38702D5D305400D0DE7E /* WishStoringModule */,
				0FEA386F2D5D302200D0DE7E /* WishMakerModule */,
			);
			path = Modules;
			sourceTree = "<group>";
		};
		0FEA38672D5D285200D0DE7E /* Models */ = {
			isa = PBXGroup;
			children = (
				0F0FCADC2CDD49760032FCB8 /* AddWishCell.swift */,
				0F28484B2CDC1B1500B02F2C /* CustomCell.swift */,
				0F2848452CDBE2BA00B02F2C /* CustomSlider.swift */,
				0FEA387A2D5D567400D0DE7E /* WishEventCell.swift */,
				0FEA387C2D5E2BA400D0DE7E /* CalendarEventManager.swift */,
			);
			path = Models;
			sourceTree = "<group>";
		};
		0FEA38682D5D289A00D0DE7E /* Application */ = {
			isa = PBXGroup;
			children = (
				0F2848102CDBE17600B02F2C /* SceneDelegate.swift */,
				0F28480E2CDBE17600B02F2C /* AppDelegate.swift */,
			);
			path = Application;
			sourceTree = "<group>";
		};
		0FEA38692D5D28C700D0DE7E /* Extensions */ = {
			isa = PBXGroup;
			children = (
				0F2848472CDBE39100B02F2C /* UIView+Pin.swift */,
			);
			path = Extensions;
			sourceTree = "<group>";
		};
		0FEA386E2D5D300400D0DE7E /* Resources */ = {
			isa = PBXGroup;
			children = (
				0F2848192CDBE17800B02F2C /* LaunchScreen.storyboard */,
				0F2848172CDBE17800B02F2C /* Assets.xcassets */,
			);
			path = Resources;
			sourceTree = "<group>";
		};
		0FEA386F2D5D302200D0DE7E /* WishMakerModule */ = {
			isa = PBXGroup;
			children = (
				0F2848122CDBE17600B02F2C /* WishMakerViewController.swift */,
				0F2848412CDBE24A00B02F2C /* WishMakerInteractor.swift */,
				0F2848432CDBE26B00B02F2C /* WishMakerPresenter.swift */,
				0FEA386C2D5D2B9C00D0DE7E /* WishMakerModuleBuilder.swift */,
			);
			path = WishMakerModule;
			sourceTree = "<group>";
		};
		0FEA38702D5D305400D0DE7E /* WishStoringModule */ = {
			isa = PBXGroup;
			children = (
				0F2848492CDBF80800B02F2C /* WishStoringViewController.swift */,
			);
			path = WishStoringModule;
			sourceTree = "<group>";
		};
		0FEA38712D5D44B400D0DE7E /* WishCalendarModule */ = {
			isa = PBXGroup;
			children = (
				0FEA38722D5D44D100D0DE7E /* WishCalendarViewController.swift */,
				0FEA38742D5D498900D0DE7E /* WishCalendarInteractor.swift */,
				0FEA38762D5D4C1E00D0DE7E /* WishCalendarPresenter.swift */,
				0FEA38782D5D4C2D00D0DE7E /* WishCalendarModuleBuilder.swift */,
			);
			path = WishCalendarModule;
			sourceTree = "<group>";
		};
		0FEA387E2D5E34E000D0DE7E /* WishEventCreationModule */ = {
			isa = PBXGroup;
			children = (
				0FEA387F2D5E34F800D0DE7E /* WishEventCreationViewController.swift */,
				0FEA38812D5E351200D0DE7E /* WishEventCreationInteractor.swift */,
				0FEA38832D5E352500D0DE7E /* WishEventCreationPresenter.swift */,
				0FEA38852D5E354200D0DE7E /* WishEventCreationModuleBuilder.swift */,
			);
			path = WishEventCreationModule;
			sourceTree = "<group>";
		};
/* End PBXGroup section */

/* Begin PBXNativeTarget section */
		0F28480A2CDBE17600B02F2C /* aasazonova_1PW3 */ = {
			isa = PBXNativeTarget;
			buildConfigurationList = 0F2848352CDBE17800B02F2C /* Build configuration list for PBXNativeTarget "aasazonova_1PW3" */;
			buildPhases = (
				0F2848072CDBE17600B02F2C /* Sources */,
				0F2848082CDBE17600B02F2C /* Frameworks */,
				0F2848092CDBE17600B02F2C /* Resources */,
			);
			buildRules = (
			);
			dependencies = (
			);
			name = aasazonova_1PW3;
			productName = aasazonova_1PW3;
			productReference = 0F28480B2CDBE17600B02F2C /* aasazonova_1PW3.app */;
			productType = "com.apple.product-type.application";
		};
		0F2848202CDBE17800B02F2C /* aasazonova_1PW3Tests */ = {
			isa = PBXNativeTarget;
			buildConfigurationList = 0F2848382CDBE17800B02F2C /* Build configuration list for PBXNativeTarget "aasazonova_1PW3Tests" */;
			buildPhases = (
				0F28481D2CDBE17800B02F2C /* Sources */,
				0F28481E2CDBE17800B02F2C /* Frameworks */,
				0F28481F2CDBE17800B02F2C /* Resources */,
			);
			buildRules = (
			);
			dependencies = (
				0F2848232CDBE17800B02F2C /* PBXTargetDependency */,
			);
			name = aasazonova_1PW3Tests;
			productName = aasazonova_1PW3Tests;
			productReference = 0F2848212CDBE17800B02F2C /* aasazonova_1PW3Tests.xctest */;
			productType = "com.apple.product-type.bundle.unit-test";
		};
		0F28482A2CDBE17800B02F2C /* aasazonova_1PW3UITests */ = {
			isa = PBXNativeTarget;
			buildConfigurationList = 0F28483B2CDBE17800B02F2C /* Build configuration list for PBXNativeTarget "aasazonova_1PW3UITests" */;
			buildPhases = (
				0F2848272CDBE17800B02F2C /* Sources */,
				0F2848282CDBE17800B02F2C /* Frameworks */,
				0F2848292CDBE17800B02F2C /* Resources */,
			);
			buildRules = (
			);
			dependencies = (
				0F28482D2CDBE17800B02F2C /* PBXTargetDependency */,
			);
			name = aasazonova_1PW3UITests;
			productName = aasazonova_1PW3UITests;
			productReference = 0F28482B2CDBE17800B02F2C /* aasazonova_1PW3UITests.xctest */;
			productType = "com.apple.product-type.bundle.ui-testing";
		};
/* End PBXNativeTarget section */

/* Begin PBXProject section */
		0F2848032CDBE17600B02F2C /* Project object */ = {
			isa = PBXProject;
			attributes = {
				BuildIndependentTargetsInParallel = 1;
				LastSwiftUpdateCheck = 1500;
				LastUpgradeCheck = 1500;
				TargetAttributes = {
					0F28480A2CDBE17600B02F2C = {
						CreatedOnToolsVersion = 15.0;
					};
					0F2848202CDBE17800B02F2C = {
						CreatedOnToolsVersion = 15.0;
						TestTargetID = 0F28480A2CDBE17600B02F2C;
					};
					0F28482A2CDBE17800B02F2C = {
						CreatedOnToolsVersion = 15.0;
						TestTargetID = 0F28480A2CDBE17600B02F2C;
					};
				};
			};
			buildConfigurationList = 0F2848062CDBE17600B02F2C /* Build configuration list for PBXProject "aasazonova_1PW3" */;
			compatibilityVersion = "Xcode 14.0";
			developmentRegion = en;
			hasScannedForEncodings = 0;
			knownRegions = (
				en,
				Base,
			);
			mainGroup = 0F2848022CDBE17600B02F2C;
			productRefGroup = 0F28480C2CDBE17600B02F2C /* Products */;
			projectDirPath = "";
			projectRoot = "";
			targets = (
				0F28480A2CDBE17600B02F2C /* aasazonova_1PW3 */,
				0F2848202CDBE17800B02F2C /* aasazonova_1PW3Tests */,
				0F28482A2CDBE17800B02F2C /* aasazonova_1PW3UITests */,
			);
		};
/* End PBXProject section */

/* Begin PBXResourcesBuildPhase section */
		0F2848092CDBE17600B02F2C /* Resources */ = {
			isa = PBXResourcesBuildPhase;
			buildActionMask = 2147483647;
			files = (
				0F28481B2CDBE17800B02F2C /* LaunchScreen.storyboard in Resources */,
				0F2848182CDBE17800B02F2C /* Assets.xcassets in Resources */,
			);
			runOnlyForDeploymentPostprocessing = 0;
		};
		0F28481F2CDBE17800B02F2C /* Resources */ = {
			isa = PBXResourcesBuildPhase;
			buildActionMask = 2147483647;
			files = (
			);
			runOnlyForDeploymentPostprocessing = 0;
		};
		0F2848292CDBE17800B02F2C /* Resources */ = {
			isa = PBXResourcesBuildPhase;
			buildActionMask = 2147483647;
			files = (
			);
			runOnlyForDeploymentPostprocessing = 0;
		};
/* End PBXResourcesBuildPhase section */

/* Begin PBXSourcesBuildPhase section */
		0F2848072CDBE17600B02F2C /* Sources */ = {
			isa = PBXSourcesBuildPhase;
			buildActionMask = 2147483647;
			files = (
				0F2848442CDBE26B00B02F2C /* WishMakerPresenter.swift in Sources */,
				0FEA386B2D5D28F300D0DE7E /* WishStoringViewController.swift in Sources */,
				0F28484C2CDC1B1500B02F2C /* CustomCell.swift in Sources */,
				0F2848462CDBE2BA00B02F2C /* CustomSlider.swift in Sources */,
				0FEA387D2D5E2BA400D0DE7E /* CalendarEventManager.swift in Sources */,
				0F0FCADD2CDD49760032FCB8 /* AddWishCell.swift in Sources */,
				0FEA38842D5E352500D0DE7E /* WishEventCreationPresenter.swift in Sources */,
				0FEA38792D5D4C2D00D0DE7E /* WishCalendarModuleBuilder.swift in Sources */,
				0F2848482CDBE39100B02F2C /* UIView+Pin.swift in Sources */,
				0FEA38732D5D44D100D0DE7E /* WishCalendarViewController.swift in Sources */,
				0FEA38822D5E351200D0DE7E /* WishEventCreationInteractor.swift in Sources */,
				0FEA38752D5D498900D0DE7E /* WishCalendarInteractor.swift in Sources */,
				0FEA386D2D5D2B9C00D0DE7E /* WishMakerModuleBuilder.swift in Sources */,
				0FEA38802D5E34F800D0DE7E /* WishEventCreationViewController.swift in Sources */,
				0F2848132CDBE17600B02F2C /* WishMakerViewController.swift in Sources */,
				0FEA387B2D5D567400D0DE7E /* WishEventCell.swift in Sources */,
				0F2848422CDBE24A00B02F2C /* WishMakerInteractor.swift in Sources */,
				0FEA38772D5D4C1E00D0DE7E /* WishCalendarPresenter.swift in Sources */,
				0F28480F2CDBE17600B02F2C /* AppDelegate.swift in Sources */,
				0FEA38862D5E354200D0DE7E /* WishEventCreationModuleBuilder.swift in Sources */,
				0F2848112CDBE17600B02F2C /* SceneDelegate.swift in Sources */,
			);
			runOnlyForDeploymentPostprocessing = 0;
		};
		0F28481D2CDBE17800B02F2C /* Sources */ = {
			isa = PBXSourcesBuildPhase;
			buildActionMask = 2147483647;
			files = (
				0F2848262CDBE17800B02F2C /* aasazonova_1PW3Tests.swift in Sources */,
			);
			runOnlyForDeploymentPostprocessing = 0;
		};
		0F2848272CDBE17800B02F2C /* Sources */ = {
			isa = PBXSourcesBuildPhase;
			buildActionMask = 2147483647;
			files = (
				0F2848322CDBE17800B02F2C /* aasazonova_1PW3UITestsLaunchTests.swift in Sources */,
				0F2848302CDBE17800B02F2C /* aasazonova_1PW3UITests.swift in Sources */,
			);
			runOnlyForDeploymentPostprocessing = 0;
		};
/* End PBXSourcesBuildPhase section */

/* Begin PBXTargetDependency section */
		0F2848232CDBE17800B02F2C /* PBXTargetDependency */ = {
			isa = PBXTargetDependency;
			target = 0F28480A2CDBE17600B02F2C /* aasazonova_1PW3 */;
			targetProxy = 0F2848222CDBE17800B02F2C /* PBXContainerItemProxy */;
		};
		0F28482D2CDBE17800B02F2C /* PBXTargetDependency */ = {
			isa = PBXTargetDependency;
			target = 0F28480A2CDBE17600B02F2C /* aasazonova_1PW3 */;
			targetProxy = 0F28482C2CDBE17800B02F2C /* PBXContainerItemProxy */;
		};
/* End PBXTargetDependency section */

/* Begin PBXVariantGroup section */
		0F2848192CDBE17800B02F2C /* LaunchScreen.storyboard */ = {
			isa = PBXVariantGroup;
			children = (
				0F28481A2CDBE17800B02F2C /* Base */,
			);
			name = LaunchScreen.storyboard;
			sourceTree = "<group>";
		};
/* End PBXVariantGroup section */

/* Begin XCBuildConfiguration section */
		0F2848332CDBE17800B02F2C /* Debug */ = {
			isa = XCBuildConfiguration;
			buildSettings = {
				ALWAYS_SEARCH_USER_PATHS = NO;
				ASSETCATALOG_COMPILER_GENERATE_SWIFT_ASSET_SYMBOL_EXTENSIONS = YES;
				CLANG_ANALYZER_NONNULL = YES;
				CLANG_ANALYZER_NUMBER_OBJECT_CONVERSION = YES_AGGRESSIVE;
				CLANG_CXX_LANGUAGE_STANDARD = "gnu++20";
				CLANG_ENABLE_MODULES = YES;
				CLANG_ENABLE_OBJC_ARC = YES;
				CLANG_ENABLE_OBJC_WEAK = YES;
				CLANG_WARN_BLOCK_CAPTURE_AUTORELEASING = YES;
				CLANG_WARN_BOOL_CONVERSION = YES;
				CLANG_WARN_COMMA = YES;
				CLANG_WARN_CONSTANT_CONVERSION = YES;
				CLANG_WARN_DEPRECATED_OBJC_IMPLEMENTATIONS = YES;
				CLANG_WARN_DIRECT_OBJC_ISA_USAGE = YES_ERROR;
				CLANG_WARN_DOCUMENTATION_COMMENTS = YES;
				CLANG_WARN_EMPTY_BODY = YES;
				CLANG_WARN_ENUM_CONVERSION = YES;
				CLANG_WARN_INFINITE_RECURSION = YES;
				CLANG_WARN_INT_CONVERSION = YES;
				CLANG_WARN_NON_LITERAL_NULL_CONVERSION = YES;
				CLANG_WARN_OBJC_IMPLICIT_RETAIN_SELF = YES;
				CLANG_WARN_OBJC_LITERAL_CONVERSION = YES;
				CLANG_WARN_OBJC_ROOT_CLASS = YES_ERROR;
				CLANG_WARN_QUOTED_INCLUDE_IN_FRAMEWORK_HEADER = YES;
				CLANG_WARN_RANGE_LOOP_ANALYSIS = YES;
				CLANG_WARN_STRICT_PROTOTYPES = YES;
				CLANG_WARN_SUSPICIOUS_MOVE = YES;
				CLANG_WARN_UNGUARDED_AVAILABILITY = YES_AGGRESSIVE;
				CLANG_WARN_UNREACHABLE_CODE = YES;
				CLANG_WARN__DUPLICATE_METHOD_MATCH = YES;
				COPY_PHASE_STRIP = NO;
				DEBUG_INFORMATION_FORMAT = dwarf;
				ENABLE_STRICT_OBJC_MSGSEND = YES;
				ENABLE_TESTABILITY = YES;
				ENABLE_USER_SCRIPT_SANDBOXING = YES;
				GCC_C_LANGUAGE_STANDARD = gnu17;
				GCC_DYNAMIC_NO_PIC = NO;
				GCC_NO_COMMON_BLOCKS = YES;
				GCC_OPTIMIZATION_LEVEL = 0;
				GCC_PREPROCESSOR_DEFINITIONS = (
					"DEBUG=1",
					"$(inherited)",
				);
				GCC_WARN_64_TO_32_BIT_CONVERSION = YES;
				GCC_WARN_ABOUT_RETURN_TYPE = YES_ERROR;
				GCC_WARN_UNDECLARED_SELECTOR = YES;
				GCC_WARN_UNINITIALIZED_AUTOS = YES_AGGRESSIVE;
				GCC_WARN_UNUSED_FUNCTION = YES;
				GCC_WARN_UNUSED_VARIABLE = YES;
				IPHONEOS_DEPLOYMENT_TARGET = 17.0;
				LOCALIZATION_PREFERS_STRING_CATALOGS = YES;
				MTL_ENABLE_DEBUG_INFO = INCLUDE_SOURCE;
				MTL_FAST_MATH = YES;
				ONLY_ACTIVE_ARCH = YES;
				SDKROOT = iphoneos;
				SWIFT_ACTIVE_COMPILATION_CONDITIONS = "DEBUG $(inherited)";
				SWIFT_OPTIMIZATION_LEVEL = "-Onone";
			};
			name = Debug;
		};
		0F2848342CDBE17800B02F2C /* Release */ = {
			isa = XCBuildConfiguration;
			buildSettings = {
				ALWAYS_SEARCH_USER_PATHS = NO;
				ASSETCATALOG_COMPILER_GENERATE_SWIFT_ASSET_SYMBOL_EXTENSIONS = YES;
				CLANG_ANALYZER_NONNULL = YES;
				CLANG_ANALYZER_NUMBER_OBJECT_CONVERSION = YES_AGGRESSIVE;
				CLANG_CXX_LANGUAGE_STANDARD = "gnu++20";
				CLANG_ENABLE_MODULES = YES;
				CLANG_ENABLE_OBJC_ARC = YES;
				CLANG_ENABLE_OBJC_WEAK = YES;
				CLANG_WARN_BLOCK_CAPTURE_AUTORELEASING = YES;
				CLANG_WARN_BOOL_CONVERSION = YES;
				CLANG_WARN_COMMA = YES;
				CLANG_WARN_CONSTANT_CONVERSION = YES;
				CLANG_WARN_DEPRECATED_OBJC_IMPLEMENTATIONS = YES;
				CLANG_WARN_DIRECT_OBJC_ISA_USAGE = YES_ERROR;
				CLANG_WARN_DOCUMENTATION_COMMENTS = YES;
				CLANG_WARN_EMPTY_BODY = YES;
				CLANG_WARN_ENUM_CONVERSION = YES;
				CLANG_WARN_INFINITE_RECURSION = YES;
				CLANG_WARN_INT_CONVERSION = YES;
				CLANG_WARN_NON_LITERAL_NULL_CONVERSION = YES;
				CLANG_WARN_OBJC_IMPLICIT_RETAIN_SELF = YES;
				CLANG_WARN_OBJC_LITERAL_CONVERSION = YES;
				CLANG_WARN_OBJC_ROOT_CLASS = YES_ERROR;
				CLANG_WARN_QUOTED_INCLUDE_IN_FRAMEWORK_HEADER = YES;
				CLANG_WARN_RANGE_LOOP_ANALYSIS = YES;
				CLANG_WARN_STRICT_PROTOTYPES = YES;
				CLANG_WARN_SUSPICIOUS_MOVE = YES;
				CLANG_WARN_UNGUARDED_AVAILABILITY = YES_AGGRESSIVE;
				CLANG_WARN_UNREACHABLE_CODE = YES;
				CLANG_WARN__DUPLICATE_METHOD_MATCH = YES;
				COPY_PHASE_STRIP = NO;
				DEBUG_INFORMATION_FORMAT = "dwarf-with-dsym";
				ENABLE_NS_ASSERTIONS = NO;
				ENABLE_STRICT_OBJC_MSGSEND = YES;
				ENABLE_USER_SCRIPT_SANDBOXING = YES;
				GCC_C_LANGUAGE_STANDARD = gnu17;
				GCC_NO_COMMON_BLOCKS = YES;
				GCC_WARN_64_TO_32_BIT_CONVERSION = YES;
				GCC_WARN_ABOUT_RETURN_TYPE = YES_ERROR;
				GCC_WARN_UNDECLARED_SELECTOR = YES;
				GCC_WARN_UNINITIALIZED_AUTOS = YES_AGGRESSIVE;
				GCC_WARN_UNUSED_FUNCTION = YES;
				GCC_WARN_UNUSED_VARIABLE = YES;
				IPHONEOS_DEPLOYMENT_TARGET = 17.0;
				LOCALIZATION_PREFERS_STRING_CATALOGS = YES;
				MTL_ENABLE_DEBUG_INFO = NO;
				MTL_FAST_MATH = YES;
				SDKROOT = iphoneos;
				SWIFT_COMPILATION_MODE = wholemodule;
				VALIDATE_PRODUCT = YES;
			};
			name = Release;
		};
		0F2848362CDBE17800B02F2C /* Debug */ = {
			isa = XCBuildConfiguration;
			buildSettings = {
				ASSETCATALOG_COMPILER_APPICON_NAME = AppIcon;
				ASSETCATALOG_COMPILER_GLOBAL_ACCENT_COLOR_NAME = AccentColor;
				CODE_SIGN_STYLE = Automatic;
				CURRENT_PROJECT_VERSION = 1;
				DEVELOPMENT_TEAM = D29HMVXL7B;
				GENERATE_INFOPLIST_FILE = YES;
				INFOPLIST_FILE = aasazonova_1PW3/Info.plist;
				INFOPLIST_KEY_UIApplicationSupportsIndirectInputEvents = YES;
				INFOPLIST_KEY_UILaunchStoryboardName = LaunchScreen;
				INFOPLIST_KEY_UIMainStoryboardFile = "";
				INFOPLIST_KEY_UISupportedInterfaceOrientations_iPad = "UIInterfaceOrientationPortrait UIInterfaceOrientationPortraitUpsideDown UIInterfaceOrientationLandscapeLeft UIInterfaceOrientationLandscapeRight";
				INFOPLIST_KEY_UISupportedInterfaceOrientations_iPhone = "UIInterfaceOrientationPortrait UIInterfaceOrientationLandscapeLeft UIInterfaceOrientationLandscapeRight";
				IPHONEOS_DEPLOYMENT_TARGET = 14.0;
				LD_RUNPATH_SEARCH_PATHS = (
					"$(inherited)",
					"@executable_path/Frameworks",
				);
				MARKETING_VERSION = 1.0;
				PRODUCT_BUNDLE_IDENTIFIER = "hse.aasazonova-1PW3";
				PRODUCT_NAME = "$(TARGET_NAME)";
				SWIFT_EMIT_LOC_STRINGS = YES;
				SWIFT_VERSION = 5.0;
				TARGETED_DEVICE_FAMILY = "1,2";
			};
			name = Debug;
		};
		0F2848372CDBE17800B02F2C /* Release */ = {
			isa = XCBuildConfiguration;
			buildSettings = {
				ASSETCATALOG_COMPILER_APPICON_NAME = AppIcon;
				ASSETCATALOG_COMPILER_GLOBAL_ACCENT_COLOR_NAME = AccentColor;
				CODE_SIGN_STYLE = Automatic;
				CURRENT_PROJECT_VERSION = 1;
				DEVELOPMENT_TEAM = D29HMVXL7B;
				GENERATE_INFOPLIST_FILE = YES;
				INFOPLIST_FILE = aasazonova_1PW3/Info.plist;
				INFOPLIST_KEY_UIApplicationSupportsIndirectInputEvents = YES;
				INFOPLIST_KEY_UILaunchStoryboardName = LaunchScreen;
				INFOPLIST_KEY_UIMainStoryboardFile = "";
				INFOPLIST_KEY_UISupportedInterfaceOrientations_iPad = "UIInterfaceOrientationPortrait UIInterfaceOrientationPortraitUpsideDown UIInterfaceOrientationLandscapeLeft UIInterfaceOrientationLandscapeRight";
				INFOPLIST_KEY_UISupportedInterfaceOrientations_iPhone = "UIInterfaceOrientationPortrait UIInterfaceOrientationLandscapeLeft UIInterfaceOrientationLandscapeRight";
				IPHONEOS_DEPLOYMENT_TARGET = 14.0;
				LD_RUNPATH_SEARCH_PATHS = (
					"$(inherited)",
					"@executable_path/Frameworks",
				);
				MARKETING_VERSION = 1.0;
				PRODUCT_BUNDLE_IDENTIFIER = "hse.aasazonova-1PW3";
				PRODUCT_NAME = "$(TARGET_NAME)";
				SWIFT_EMIT_LOC_STRINGS = YES;
				SWIFT_VERSION = 5.0;
				TARGETED_DEVICE_FAMILY = "1,2";
			};
			name = Release;
		};
		0F2848392CDBE17800B02F2C /* Debug */ = {
			isa = XCBuildConfiguration;
			buildSettings = {
				ALWAYS_EMBED_SWIFT_STANDARD_LIBRARIES = YES;
				BUNDLE_LOADER = "$(TEST_HOST)";
				CODE_SIGN_STYLE = Automatic;
				CURRENT_PROJECT_VERSION = 1;
				GENERATE_INFOPLIST_FILE = YES;
				IPHONEOS_DEPLOYMENT_TARGET = 17.0;
				MARKETING_VERSION = 1.0;
				PRODUCT_BUNDLE_IDENTIFIER = "hse.aasazonova-1PW3Tests";
				PRODUCT_NAME = "$(TARGET_NAME)";
				SWIFT_EMIT_LOC_STRINGS = NO;
				SWIFT_VERSION = 5.0;
				TARGETED_DEVICE_FAMILY = "1,2";
				TEST_HOST = "$(BUILT_PRODUCTS_DIR)/aasazonova_1PW3.app/$(BUNDLE_EXECUTABLE_FOLDER_PATH)/aasazonova_1PW3";
			};
			name = Debug;
		};
		0F28483A2CDBE17800B02F2C /* Release */ = {
			isa = XCBuildConfiguration;
			buildSettings = {
				ALWAYS_EMBED_SWIFT_STANDARD_LIBRARIES = YES;
				BUNDLE_LOADER = "$(TEST_HOST)";
				CODE_SIGN_STYLE = Automatic;
				CURRENT_PROJECT_VERSION = 1;
				GENERATE_INFOPLIST_FILE = YES;
				IPHONEOS_DEPLOYMENT_TARGET = 17.0;
				MARKETING_VERSION = 1.0;
				PRODUCT_BUNDLE_IDENTIFIER = "hse.aasazonova-1PW3Tests";
				PRODUCT_NAME = "$(TARGET_NAME)";
				SWIFT_EMIT_LOC_STRINGS = NO;
				SWIFT_VERSION = 5.0;
				TARGETED_DEVICE_FAMILY = "1,2";
				TEST_HOST = "$(BUILT_PRODUCTS_DIR)/aasazonova_1PW3.app/$(BUNDLE_EXECUTABLE_FOLDER_PATH)/aasazonova_1PW3";
			};
			name = Release;
		};
		0F28483C2CDBE17800B02F2C /* Debug */ = {
			isa = XCBuildConfiguration;
			buildSettings = {
				ALWAYS_EMBED_SWIFT_STANDARD_LIBRARIES = YES;
				CODE_SIGN_STYLE = Automatic;
				CURRENT_PROJECT_VERSION = 1;
				GENERATE_INFOPLIST_FILE = YES;
				MARKETING_VERSION = 1.0;
				PRODUCT_BUNDLE_IDENTIFIER = "hse.aasazonova-1PW3UITests";
				PRODUCT_NAME = "$(TARGET_NAME)";
				SWIFT_EMIT_LOC_STRINGS = NO;
				SWIFT_VERSION = 5.0;
				TARGETED_DEVICE_FAMILY = "1,2";
				TEST_TARGET_NAME = aasazonova_1PW3;
			};
			name = Debug;
		};
		0F28483D2CDBE17800B02F2C /* Release */ = {
			isa = XCBuildConfiguration;
			buildSettings = {
				ALWAYS_EMBED_SWIFT_STANDARD_LIBRARIES = YES;
				CODE_SIGN_STYLE = Automatic;
				CURRENT_PROJECT_VERSION = 1;
				GENERATE_INFOPLIST_FILE = YES;
				MARKETING_VERSION = 1.0;
				PRODUCT_BUNDLE_IDENTIFIER = "hse.aasazonova-1PW3UITests";
				PRODUCT_NAME = "$(TARGET_NAME)";
				SWIFT_EMIT_LOC_STRINGS = NO;
				SWIFT_VERSION = 5.0;
				TARGETED_DEVICE_FAMILY = "1,2";
				TEST_TARGET_NAME = aasazonova_1PW3;
			};
			name = Release;
		};
/* End XCBuildConfiguration section */

/* Begin XCConfigurationList section */
		0F2848062CDBE17600B02F2C /* Build configuration list for PBXProject "aasazonova_1PW3" */ = {
			isa = XCConfigurationList;
			buildConfigurations = (
				0F2848332CDBE17800B02F2C /* Debug */,
				0F2848342CDBE17800B02F2C /* Release */,
			);
			defaultConfigurationIsVisible = 0;
			defaultConfigurationName = Release;
		};
		0F2848352CDBE17800B02F2C /* Build configuration list for PBXNativeTarget "aasazonova_1PW3" */ = {
			isa = XCConfigurationList;
			buildConfigurations = (
				0F2848362CDBE17800B02F2C /* Debug */,
				0F2848372CDBE17800B02F2C /* Release */,
			);
			defaultConfigurationIsVisible = 0;
			defaultConfigurationName = Release;
		};
		0F2848382CDBE17800B02F2C /* Build configuration list for PBXNativeTarget "aasazonova_1PW3Tests" */ = {
			isa = XCConfigurationList;
			buildConfigurations = (
				0F2848392CDBE17800B02F2C /* Debug */,
				0F28483A2CDBE17800B02F2C /* Release */,
			);
			defaultConfigurationIsVisible = 0;
			defaultConfigurationName = Release;
		};
		0F28483B2CDBE17800B02F2C /* Build configuration list for PBXNativeTarget "aasazonova_1PW3UITests" */ = {
			isa = XCConfigurationList;
			buildConfigurations = (
				0F28483C2CDBE17800B02F2C /* Debug */,
				0F28483D2CDBE17800B02F2C /* Release */,
			);
			defaultConfigurationIsVisible = 0;
			defaultConfigurationName = Release;
		};
/* End XCConfigurationList section */
	};
	rootObject = 0F2848032CDBE17600B02F2C /* Project object */;
}
